
Microsoft Visual Studio Solution File, Format Version 12.00
# Visual Studio Version 16
VisualStudioVersion = 16.0.30011.22
MinimumVisualStudioVersion = 10.0.40219.1
Project("{8BC9CEB8-8B4A-11D0-8D11-00A0C91BC942}") = "ToolsLib", "..\Libraries\Tools\ToolsLib.vcxproj", "{0C5FE08B-F36A-4655-8247-2E11FABD7722}"
EndProject
Project("{8BC9CEB8-8B4A-11D0-8D11-00A0C91BC942}") = "AccountAgent", "..\Server\AccountAgent\AccountAgent.vcxproj", "{46B52CF8-1DF6-4793-9B40-D842DA256B61}"
EndProject
Project("{8BC9CEB8-8B4A-11D0-8D11-00A0C91BC942}") = "Chat", "..\Server\ChatServer\ChatServer.vcxproj", "{86F6F020-46F0-4D47-8307-BDC11D15DDEC}"
EndProject
Project("{8BC9CEB8-8B4A-11D0-8D11-00A0C91BC942}") = "DataCenter", "..\Server\DataCenter\DataCenter.vcxproj", "{61428467-ADC5-4DE1-88DB-3167B0110D63}"
EndProject
Project("{8BC9CEB8-8B4A-11D0-8D11-00A0C91BC942}") = "MasterServer", "..\Server\MasterServer\MasterServer.vcxproj", "{5D13A215-E3FA-47DF-8047-58B209CCBC48}"
EndProject
Project("{8BC9CEB8-8B4A-11D0-8D11-00A0C91BC942}") = "PartitionSrv", "..\Server\PartitionSrv\PartitionSrv.vcxproj", "{51A510C2-D379-450B-992D-783B02B6E1B9}"
EndProject
Project("{8BC9CEB8-8B4A-11D0-8D11-00A0C91BC942}") = "PlayerCenter", "..\Server\PlayerCenter\PlayerCenter.vcxproj", "{93FFEC23-77B4-4471-B0F8-87BFF91DE7D8}"
EndProject
Project("{8BC9CEB8-8B4A-11D0-8D11-00A0C91BC942}") = "ServerList", "..\Server\ServerList\ServerList.vcxproj", "{9780629E-3435-4D58-9327-08F2883FD513}"
EndProject
Project("{8BC9CEB8-8B4A-11D0-8D11-00A0C91BC942}") = "WakerGateway", "..\Server\WakerGateway\WakerGateway.vcxproj", "{5993F5EA-B03D-4C14-9CCA-61B73AAFA356}"
EndProject
Project("{8BC9CEB8-8B4A-11D0-8D11-00A0C91BC942}") = "WakerProxy", "..\Server\WakerProxy\WakerProxy.vcxproj", "{99A62F08-A3C9-428C-8C39-D9EB39F55832}"
EndProject
Project("{8BC9CEB8-8B4A-11D0-8D11-00A0C91BC942}") = "WakerSwitch", "..\Server\WakerSwitch\WakerSwitch.vcxproj", "{C8EE79BF-CDB2-4AC1-8912-EBDA4D7F6300}"
EndProject
Project("{8BC9CEB8-8B4A-11D0-8D11-00A0C91BC942}") = "Rune Engine NULL", "..\Libraries\Rune Engine\Rune Engine NULL.vcxproj", "{D9651CD4-61BD-4550-8A87-3A1B978D4AF4}"
EndProject
Project("{8BC9CEB8-8B4A-11D0-8D11-00A0C91BC942}") = "Rune Engine", "..\Libraries\Rune Engine\Rune Engine.vcxproj", "{3B228C0F-2A1F-4FA9-80D7-D0219E428DD3}"
EndProject
Project("{8BC9CEB8-8B4A-11D0-8D11-00A0C91BC942}") = "Zone", "..\Server\NetGameServer\NetGameServer.vcxproj", "{5450E734-86D5-4BF6-A249-BCB444872B22}"
EndProject
Project("{8BC9CEB8-8B4A-11D0-8D11-00A0C91BC942}") = "ServerController", "..\Server\ServerController\RAServerController.vcxproj", "{9D0C040D-F66E-4819-882C-0B9E72D3140A}"
EndProject
Project("{2150E333-8FDC-42A3-9474-1A3956D46DE8}") = "Servers", "Servers", "{138710D3-769C-4375-B6AD-17445BCCF5EA}"
EndProject
Project("{2150E333-8FDC-42A3-9474-1A3956D46DE8}") = "Tools", "Tools", "{A11A633B-6BFB-4B0C-A07D-D58686E0B7BC}"
EndProject
Project("{2150E333-8FDC-42A3-9474-1A3956D46DE8}") = "Libs", "Libs", "{5AEF1F55-1497-4712-8124-BBDEC0FB02FE}"
EndProject
Project("{8BC9CEB8-8B4A-11D0-8D11-00A0C91BC942}") = "Zlib", "..\Libraries\Zlib\Zlib.vcxproj", "{50CEEF28-EAD1-4673-8808-FD8B17953B63}"
EndProject
Global
	GlobalSection(SolutionConfigurationPlatforms) = preSolution
		Debug|x64 = Debug|x64
		Release|x64 = Release|x64
	EndGlobalSection
	GlobalSection(ProjectConfigurationPlatforms) = postSolution
		{0C5FE08B-F36A-4655-8247-2E11FABD7722}.Debug|x64.ActiveCfg = Debug|x64
		{0C5FE08B-F36A-4655-8247-2E11FABD7722}.Debug|x64.Build.0 = Debug|x64
		{0C5FE08B-F36A-4655-8247-2E11FABD7722}.Release|x64.ActiveCfg = Release|x64
		{0C5FE08B-F36A-4655-8247-2E11FABD7722}.Release|x64.Build.0 = Release|x64
		{46B52CF8-1DF6-4793-9B40-D842DA256B61}.Debug|x64.ActiveCfg = Debug|x64
		{46B52CF8-1DF6-4793-9B40-D842DA256B61}.Debug|x64.Build.0 = Debug|x64
		{46B52CF8-1DF6-4793-9B40-D842DA256B61}.Release|x64.ActiveCfg = Release|x64
		{46B52CF8-1DF6-4793-9B40-D842DA256B61}.Release|x64.Build.0 = Release|x64
		{86F6F020-46F0-4D47-8307-BDC11D15DDEC}.Debug|x64.ActiveCfg = Debug|x64
		{86F6F020-46F0-4D47-8307-BDC11D15DDEC}.Debug|x64.Build.0 = Debug|x64
		{86F6F020-46F0-4D47-8307-BDC11D15DDEC}.Release|x64.ActiveCfg = Release|x64
		{86F6F020-46F0-4D47-8307-BDC11D15DDEC}.Release|x64.Build.0 = Release|x64
		{61428467-ADC5-4DE1-88DB-3167B0110D63}.Debug|x64.ActiveCfg = Debug|x64
		{61428467-ADC5-4DE1-88DB-3167B0110D63}.Debug|x64.Build.0 = Debug|x64
		{61428467-ADC5-4DE1-88DB-3167B0110D63}.Release|x64.ActiveCfg = Release|x64
		{61428467-ADC5-4DE1-88DB-3167B0110D63}.Release|x64.Build.0 = Release|x64
		{5D13A215-E3FA-47DF-8047-58B209CCBC48}.Debug|x64.ActiveCfg = Debug|x64
		{5D13A215-E3FA-47DF-8047-58B209CCBC48}.Debug|x64.Build.0 = Debug|x64
		{5D13A215-E3FA-47DF-8047-58B209CCBC48}.Release|x64.ActiveCfg = Release|x64
		{5D13A215-E3FA-47DF-8047-58B209CCBC48}.Release|x64.Build.0 = Release|x64
		{51A510C2-D379-450B-992D-783B02B6E1B9}.Debug|x64.ActiveCfg = Debug|x64
		{51A510C2-D379-450B-992D-783B02B6E1B9}.Debug|x64.Build.0 = Debug|x64
		{51A510C2-D379-450B-992D-783B02B6E1B9}.Release|x64.ActiveCfg = Release|x64
		{51A510C2-D379-450B-992D-783B02B6E1B9}.Release|x64.Build.0 = Release|x64
		{93FFEC23-77B4-4471-B0F8-87BFF91DE7D8}.Debug|x64.ActiveCfg = Debug|x64
		{93FFEC23-77B4-4471-B0F8-87BFF91DE7D8}.Debug|x64.Build.0 = Debug|x64
		{93FFEC23-77B4-4471-B0F8-87BFF91DE7D8}.Release|x64.ActiveCfg = Release|x64
		{93FFEC23-77B4-4471-B0F8-87BFF91DE7D8}.Release|x64.Build.0 = Release|x64
		{9780629E-3435-4D58-9327-08F2883FD513}.Debug|x64.ActiveCfg = Debug|x64
		{9780629E-3435-4D58-9327-08F2883FD513}.Debug|x64.Build.0 = Debug|x64
		{9780629E-3435-4D58-9327-08F2883FD513}.Release|x64.ActiveCfg = Release|x64
		{9780629E-3435-4D58-9327-08F2883FD513}.Release|x64.Build.0 = Release|x64
		{5993F5EA-B03D-4C14-9CCA-61B73AAFA356}.Debug|x64.ActiveCfg = Debug|x64
		{5993F5EA-B03D-4C14-9CCA-61B73AAFA356}.Debug|x64.Build.0 = Debug|x64
		{5993F5EA-B03D-4C14-9CCA-61B73AAFA356}.Release|x64.ActiveCfg = Release|x64
		{5993F5EA-B03D-4C14-9CCA-61B73AAFA356}.Release|x64.Build.0 = Release|x64
		{99A62F08-A3C9-428C-8C39-D9EB39F55832}.Debug|x64.ActiveCfg = Debug|x64
		{99A62F08-A3C9-428C-8C39-D9EB39F55832}.Debug|x64.Build.0 = Debug|x64
		{99A62F08-A3C9-428C-8C39-D9EB39F55832}.Release|x64.ActiveCfg = Release|x64
		{99A62F08-A3C9-428C-8C39-D9EB39F55832}.Release|x64.Build.0 = Release|x64
		{C8EE79BF-CDB2-4AC1-8912-EBDA4D7F6300}.Debug|x64.ActiveCfg = Debug|x64
		{C8EE79BF-CDB2-4AC1-8912-EBDA4D7F6300}.Debug|x64.Build.0 = Debug|x64
		{C8EE79BF-CDB2-4AC1-8912-EBDA4D7F6300}.Release|x64.ActiveCfg = Release|x64
		{C8EE79BF-CDB2-4AC1-8912-EBDA4D7F6300}.Release|x64.Build.0 = Release|x64
		{D9651CD4-61BD-4550-8A87-3A1B978D4AF4}.Debug|x64.ActiveCfg = Debug|x64
		{D9651CD4-61BD-4550-8A87-3A1B978D4AF4}.Debug|x64.Build.0 = Debug|x64
		{D9651CD4-61BD-4550-8A87-3A1B978D4AF4}.Release|x64.ActiveCfg = Release|x64
		{D9651CD4-61BD-4550-8A87-3A1B978D4AF4}.Release|x64.Build.0 = Release|x64
		{3B228C0F-2A1F-4FA9-80D7-D0219E428DD3}.Debug|x64.ActiveCfg = Debug|x64
		{3B228C0F-2A1F-4FA9-80D7-D0219E428DD3}.Debug|x64.Build.0 = Debug|x64
		{3B228C0F-2A1F-4FA9-80D7-D0219E428DD3}.Release|x64.ActiveCfg = Release|x64
		{3B228C0F-2A1F-4FA9-80D7-D0219E428DD3}.Release|x64.Build.0 = Release|x64
		{5450E734-86D5-4BF6-A249-BCB444872B22}.Debug|x64.ActiveCfg = Debug|x64
		{5450E734-86D5-4BF6-A249-BCB444872B22}.Debug|x64.Build.0 = Debug|x64
		{5450E734-86D5-4BF6-A249-BCB444872B22}.Release|x64.ActiveCfg = Release|x64
		{5450E734-86D5-4BF6-A249-BCB444872B22}.Release|x64.Build.0 = Release|x64
		{9D0C040D-F66E-4819-882C-0B9E72D3140A}.Debug|x64.ActiveCfg = Release|x64
		{9D0C040D-F66E-4819-882C-0B9E72D3140A}.Debug|x64.Build.0 = Release|x64
		{9D0C040D-F66E-4819-882C-0B9E72D3140A}.Release|x64.ActiveCfg = Release|x64
		{9D0C040D-F66E-4819-882C-0B9E72D3140A}.Release|x64.Build.0 = Release|x64
		{50CEEF28-EAD1-4673-8808-FD8B17953B63}.Debug|x64.ActiveCfg = Release|x64
		{50CEEF28-EAD1-4673-8808-FD8B17953B63}.Debug|x64.Build.0 = Release|x64
		{50CEEF28-EAD1-4673-8808-FD8B17953B63}.Release|x64.ActiveCfg = Release|x64
		{50CEEF28-EAD1-4673-8808-FD8B17953B63}.Release|x64.Build.0 = Release|x64
	EndGlobalSection
	GlobalSection(SolutionProperties) = preSolution
		HideSolutionNode = FALSE
	EndGlobalSection
	GlobalSection(NestedProjects) = preSolution
		{0C5FE08B-F36A-4655-8247-2E11FABD7722} = {5AEF1F55-1497-4712-8124-BBDEC0FB02FE}
		{46B52CF8-1DF6-4793-9B40-D842DA256B61} = {138710D3-769C-4375-B6AD-17445BCCF5EA}
		{86F6F020-46F0-4D47-8307-BDC11D15DDEC} = {138710D3-769C-4375-B6AD-17445BCCF5EA}
		{61428467-ADC5-4DE1-88DB-3167B0110D63} = {138710D3-769C-4375-B6AD-17445BCCF5EA}
		{5D13A215-E3FA-47DF-8047-58B209CCBC48} = {138710D3-769C-4375-B6AD-17445BCCF5EA}
		{51A510C2-D379-450B-992D-783B02B6E1B9} = {138710D3-769C-4375-B6AD-17445BCCF5EA}
		{93FFEC23-77B4-4471-B0F8-87BFF91DE7D8} = {138710D3-769C-4375-B6AD-17445BCCF5EA}
		{9780629E-3435-4D58-9327-08F2883FD513} = {138710D3-769C-4375-B6AD-17445BCCF5EA}
		{5993F5EA-B03D-4C14-9CCA-61B73AAFA356} = {138710D3-769C-4375-B6AD-17445BCCF5EA}
		{99A62F08-A3C9-428C-8C39-D9EB39F55832} = {138710D3-769C-4375-B6AD-17445BCCF5EA}
		{C8EE79BF-CDB2-4AC1-8912-EBDA4D7F6300} = {138710D3-769C-4375-B6AD-17445BCCF5EA}
		{D9651CD4-61BD-4550-8A87-3A1B978D4AF4} = {5AEF1F55-1497-4712-8124-BBDEC0FB02FE}
		{3B228C0F-2A1F-4FA9-80D7-D0219E428DD3} = {5AEF1F55-1497-4712-8124-BBDEC0FB02FE}
		{5450E734-86D5-4BF6-A249-BCB444872B22} = {138710D3-769C-4375-B6AD-17445BCCF5EA}
		{9D0C040D-F66E-4819-882C-0B9E72D3140A} = {A11A633B-6BFB-4B0C-A07D-D58686E0B7BC}
		{50CEEF28-EAD1-4673-8808-FD8B17953B63} = {5AEF1F55-1497-4712-8124-BBDEC0FB02FE}
	EndGlobalSection
	GlobalSection(ExtensibilityGlobals) = postSolution
		SolutionGuid = {F5CAB303-65B8-4D4B-AAD1-0110FCA66214}
	EndGlobalSection
EndGlobal
